PODS:
  - Alamofire (5.4.3)
  - CocoaLumberjack/Core (3.7.2)
  - CocoaLumberjack/Swift (3.7.2):
    - CocoaLumberjack/Core
  - Moya/Core (14.0.0):
    - Alamofire (~> 5.0)
  - Moya/RxSwift (14.0.0):
    - Moya/Core
    - RxSwift (~> 5.0)
  - Nimble (9.2.0)
  - Quick (4.0.0)
  - RxCocoa (5.1.1):
    - RxRelay (~> 5)
    - RxSwift (~> 5)
  - RxFlow (2.9.0):
    - RxCocoa (>= 5.1.1)
    - RxSwift (>= 5.1.1)
  - RxRelay (5.1.1):
    - RxSwift (~> 5)
  - RxSwift (5.1.2)
  - RxSwiftExt (5.1.1):
    - RxSwiftExt/Core (= 5.1.1)
    - RxSwiftExt/RxCocoa (= 5.1.1)
  - RxSwiftExt/Core (5.1.1):
    - RxSwift (~> 5.0)
  - RxSwiftExt/RxCocoa (5.1.1):
    - RxCocoa (~> 5.0)
    - RxSwiftExt/Core
  - RxTest (5.1.2):
    - RxSwift (~> 5)
  - SwiftGen (6.4.0)
  - SwiftLint (0.43.1)
  - Swinject (2.6.0)
  - SwinjectStoryboard (2.2.0):
    - Swinject (~> 2.6)
  - ViewControllerPresentationSpy (5.1.0)

DEPENDENCIES:
  - CocoaLumberjack/Swift
  - Moya/RxSwift
  - Nimble
  - Quick
  - RxFlow
  - RxSwift
  - RxSwiftExt
  - RxTest
  - SwiftGen
  - SwiftLint
  - Swinject (= 2.6.0)
  - SwinjectStoryboard (= 2.2.0)
  - ViewControllerPresentationSpy (~> 5.0)

SPEC REPOS:
  trunk:
    - Alamofire
    - CocoaLumberjack
    - Moya
    - Nimble
    - Quick
    - RxCocoa
    - RxFlow
    - RxRelay
    - RxSwift
    - RxSwiftExt
    - RxTest
    - SwiftGen
    - SwiftLint
    - Swinject
    - SwinjectStoryboard
    - ViewControllerPresentationSpy

SPEC CHECKSUMS:
  Alamofire: e447a2774a40c996748296fa2c55112fdbbc42f9
  CocoaLumberjack: b7e05132ff94f6ae4dfa9d5bce9141893a21d9da
  Moya: 5b45dacb75adb009f97fde91c204c1e565d31916
  Nimble: 4f4a345c80b503b3ea13606a4f98405974ee4d0b
  Quick: 6473349e43b9271a8d43839d9ba1c442ed1b7ac4
  RxCocoa: 32065309a38d29b5b0db858819b5bf9ef038b601
  RxFlow: a7f993ba4791174d414509a0ec03bfeff530a826
  RxRelay: d77f7d771495f43c556cbc43eebd1bb54d01e8e9
  RxSwift: 1e2e1f9570186967f617e49128ed26ccf1bafc8e
  RxSwiftExt: 0d2fd77523a169d1459be34961b996a194bdef0e
  RxTest: 274549b747dca56f47c52c8991ec5cf797ecfe40
  SwiftGen: 67860cc7c3cfc2ed25b9b74cfd55495fc89f9108
  SwiftLint: 99f82d07b837b942dd563c668de129a03fc3fb52
  Swinject: 48a96cda93633cf2860697b4ce76ab5db9ebaca2
  SwinjectStoryboard: 32512ef16c2b0ff5b8f823b23539c4a50f6d3383
  ViewControllerPresentationSpy: 806584e0413860ee451ec5e513ed4661c39a3727

PODFILE CHECKSUM: f7a9e037763d8aee20844b9e72723e5f1cd6ef7d

COCOAPODS: 1.10.1
