// !$*UTF8*$!
{
	archiveVersion = 1;
	classes = {
	};
	objectVersion = 51;
	objects = {

/* Begin PBXBuildFile section */
		4D07AC1E26AB0C8C00152739 /* AppDelegate.swift in Sources */ = {isa = PBXBuildFile; fileRef = 4D07AC1D26AB0C8C00152739 /* AppDelegate.swift */; };
		4D07AC2226AB0C8C00152739 /* ViewController.swift in Sources */ = {isa = PBXBuildFile; fileRef = 4D07AC2126AB0C8C00152739 /* ViewController.swift */; };
		4D07AC2726AB0C8E00152739 /* Assets.xcassets in Resources */ = {isa = PBXBuildFile; fileRef = 4D07AC2626AB0C8E00152739 /* Assets.xcassets */; };
		4D07AC2A26AB0C8E00152739 /* LaunchScreen.storyboard in Resources */ = {isa = PBXBuildFile; fileRef = 4D07AC2826AB0C8E00152739 /* LaunchScreen.storyboard */; };
		4D2D21E026AC56E700F9C822 /* AppFlowSpec.swift in Sources */ = {isa = PBXBuildFile; fileRef = 4D2D21DF26AC56E700F9C822 /* AppFlowSpec.swift */; };
		4D2D21E626AC57A900F9C822 /* TestStepper.swift in Sources */ = {isa = PBXBuildFile; fileRef = 4D2D21E526AC57A900F9C822 /* TestStepper.swift */; };
		4D2D21F026AC582100F9C822 /* TestHelpers.swift in Sources */ = {isa = PBXBuildFile; fileRef = 4D2D21ED26AC582100F9C822 /* TestHelpers.swift */; };
		4D2D22DE26AC675900F9C822 /* main.swift in Sources */ = {isa = PBXBuildFile; fileRef = 4D2D22DD26AC675900F9C822 /* main.swift */; };
		4D35F46A26AB1E89001A0524 /* AppFlow.swift in Sources */ = {isa = PBXBuildFile; fileRef = 4D35F46926AB1E89001A0524 /* AppFlow.swift */; };
		4D35F47226AB1EA2001A0524 /* AppStep.swift in Sources */ = {isa = PBXBuildFile; fileRef = 4D35F47126AB1EA2001A0524 /* AppStep.swift */; };
		4D35F48926AB4799001A0524 /* Inject.swift in Sources */ = {isa = PBXBuildFile; fileRef = 4D35F48426AB4799001A0524 /* Inject.swift */; };
		4D35F4A626AB4981001A0524 /* MainAssembler.swift in Sources */ = {isa = PBXBuildFile; fileRef = 4D35F4A526AB4981001A0524 /* MainAssembler.swift */; };
		4D35F4E226AB5050001A0524 /* SearchViewControllerSpec.swift in Sources */ = {isa = PBXBuildFile; fileRef = 4D35F4E126AB5050001A0524 /* SearchViewControllerSpec.swift */; };
		4D35F4E626AB51AB001A0524 /* Resolver+App.swift in Sources */ = {isa = PBXBuildFile; fileRef = 4D35F4E526AB51AB001A0524 /* Resolver+App.swift */; };
		4D35F4EA26AB5221001A0524 /* SearchViewController.swift in Sources */ = {isa = PBXBuildFile; fileRef = 4D35F4E926AB5221001A0524 /* SearchViewController.swift */; };
		4D35F4F826AB5382001A0524 /* SearchViewController.storyboard in Resources */ = {isa = PBXBuildFile; fileRef = 4D35F4FA26AB5382001A0524 /* SearchViewController.storyboard */; };
		4D35F51626AB5462001A0524 /* SearchViewModel.swift in Sources */ = {isa = PBXBuildFile; fileRef = 4D35F51526AB5462001A0524 /* SearchViewModel.swift */; };
		4D35F51C26AB54C9001A0524 /* swiftgen.yml in Resources */ = {isa = PBXBuildFile; fileRef = 4D35F51B26AB54C9001A0524 /* swiftgen.yml */; };
		4D35F52826AB5594001A0524 /* StoryboardSegues.swift in Sources */ = {isa = PBXBuildFile; fileRef = 4D35F52526AB5594001A0524 /* StoryboardSegues.swift */; };
		4D35F52926AB5594001A0524 /* Assets.swift in Sources */ = {isa = PBXBuildFile; fileRef = 4D35F52626AB5594001A0524 /* Assets.swift */; };
		4D35F52A26AB5594001A0524 /* StoryboardScenes.swift in Sources */ = {isa = PBXBuildFile; fileRef = 4D35F52726AB5594001A0524 /* StoryboardScenes.swift */; };
		4D35F52D26AB55B6001A0524 /* Localizable.strings in Resources */ = {isa = PBXBuildFile; fileRef = 4D35F52F26AB55B6001A0524 /* Localizable.strings */; };
		4D587D5E26AD8B2700E7716C /* HasStepper.swift in Sources */ = {isa = PBXBuildFile; fileRef = 4D587D5D26AD8B2700E7716C /* HasStepper.swift */; };
		4D587D6226AD8D6300E7716C /* Strings.swift in Sources */ = {isa = PBXBuildFile; fileRef = 4D587D6126AD8D6300E7716C /* Strings.swift */; };
		4D587D6B26AD92C100E7716C /* AlertDetails.swift in Sources */ = {isa = PBXBuildFile; fileRef = 4D587D6A26AD92C100E7716C /* AlertDetails.swift */; };
		4D90D54A26AC6D96001586C3 /* LogFormatter.swift in Sources */ = {isa = PBXBuildFile; fileRef = 4D90D54926AC6D96001586C3 /* LogFormatter.swift */; };
		4D90D5DF26AC7D9F001586C3 /* Repository.swift in Sources */ = {isa = PBXBuildFile; fileRef = 4D90D5DE26AC7D9F001586C3 /* Repository.swift */; };
		4D90D61026AC8764001586C3 /* MockSearchViewModel.swift in Sources */ = {isa = PBXBuildFile; fileRef = 4D90D60F26AC8764001586C3 /* MockSearchViewModel.swift */; };
		4D90D61926ACA497001586C3 /* RepositoryCellModel.swift in Sources */ = {isa = PBXBuildFile; fileRef = 4D90D61826ACA497001586C3 /* RepositoryCellModel.swift */; };
		4D90D61D26ACAB7E001586C3 /* RepositoryCell.swift in Sources */ = {isa = PBXBuildFile; fileRef = 4D90D61C26ACAB7E001586C3 /* RepositoryCell.swift */; };
		4D90D62226ACAC36001586C3 /* UIKitExtensions.swift in Sources */ = {isa = PBXBuildFile; fileRef = 4D90D62126ACAC36001586C3 /* UIKitExtensions.swift */; };
		4DAD9C6A26AD3B69000A235B /* SearchViewModelSpec.swift in Sources */ = {isa = PBXBuildFile; fileRef = 4DAD9C6926AD3B69000A235B /* SearchViewModelSpec.swift */; };
		4DAD9C6F26AD3BE5000A235B /* SearchService.swift in Sources */ = {isa = PBXBuildFile; fileRef = 4DAD9C6E26AD3BE5000A235B /* SearchService.swift */; };
		4DAD9C7C26AD3CD9000A235B /* MockSearchService.swift in Sources */ = {isa = PBXBuildFile; fileRef = 4DAD9C7B26AD3CD9000A235B /* MockSearchService.swift */; };
		4DAD9C8826AD4931000A235B /* SearchServiceSpec.swift in Sources */ = {isa = PBXBuildFile; fileRef = 4DAD9C8726AD4931000A235B /* SearchServiceSpec.swift */; };
		4DAD9C8D26AD4A3A000A235B /* GitHubApi.swift in Sources */ = {isa = PBXBuildFile; fileRef = 4DAD9C8C26AD4A3A000A235B /* GitHubApi.swift */; };
		4DAD9C9A26AD571B000A235B /* MockMultiTargetApiProvider.swift in Sources */ = {isa = PBXBuildFile; fileRef = 4DAD9C9026AD56C4000A235B /* MockMultiTargetApiProvider.swift */; };
		4DAD9C9E26AD574B000A235B /* StubSearchSucessResponse.swift in Sources */ = {isa = PBXBuildFile; fileRef = 4DAD9C9D26AD574B000A235B /* StubSearchSucessResponse.swift */; };
		4DAD9CB926AD6372000A235B /* RepositorySearchResult.swift in Sources */ = {isa = PBXBuildFile; fileRef = 4DAD9CB826AD6372000A235B /* RepositorySearchResult.swift */; };
		66E3602D36A55DF5DC3C3234 /* Pods_OctoSearch.framework in Frameworks */ = {isa = PBXBuildFile; fileRef = 7631ECFA86DC8C70373348BA /* Pods_OctoSearch.framework */; };
		8E8508622078D4AD21257AA3 /* Pods_OctoSearchTests.framework in Frameworks */ = {isa = PBXBuildFile; fileRef = DDBEF164E17DE7BADECBDBAC /* Pods_OctoSearchTests.framework */; };
/* End PBXBuildFile section */

/* Begin PBXContainerItemProxy section */
		4D07AC3126AB0C8E00152739 /* PBXContainerItemProxy */ = {
			isa = PBXContainerItemProxy;
			containerPortal = 4D07AC1226AB0C8C00152739 /* Project object */;
			proxyType = 1;
			remoteGlobalIDString = 4D07AC1926AB0C8C00152739;
			remoteInfo = OctoSearch;
		};
/* End PBXContainerItemProxy section */

/* Begin PBXFileReference section */
		4D07AC1A26AB0C8C00152739 /* OctoSearch.app */ = {isa = PBXFileReference; explicitFileType = wrapper.application; includeInIndex = 0; path = OctoSearch.app; sourceTree = BUILT_PRODUCTS_DIR; };
		4D07AC1D26AB0C8C00152739 /* AppDelegate.swift */ = {isa = PBXFileReference; lastKnownFileType = sourcecode.swift; path = AppDelegate.swift; sourceTree = "<group>"; };
		4D07AC2126AB0C8C00152739 /* ViewController.swift */ = {isa = PBXFileReference; lastKnownFileType = sourcecode.swift; path = ViewController.swift; sourceTree = "<group>"; };
		4D07AC2626AB0C8E00152739 /* Assets.xcassets */ = {isa = PBXFileReference; lastKnownFileType = folder.assetcatalog; path = Assets.xcassets; sourceTree = "<group>"; };
		4D07AC2926AB0C8E00152739 /* Base */ = {isa = PBXFileReference; lastKnownFileType = file.storyboard; name = Base; path = Base.lproj/LaunchScreen.storyboard; sourceTree = "<group>"; };
		4D07AC2B26AB0C8E00152739 /* Info.plist */ = {isa = PBXFileReference; lastKnownFileType = text.plist.xml; path = Info.plist; sourceTree = "<group>"; };
		4D07AC3026AB0C8E00152739 /* OctoSearchTests.xctest */ = {isa = PBXFileReference; explicitFileType = wrapper.cfbundle; includeInIndex = 0; path = OctoSearchTests.xctest; sourceTree = BUILT_PRODUCTS_DIR; };
		4D07AC3626AB0C8E00152739 /* Info.plist */ = {isa = PBXFileReference; lastKnownFileType = text.plist.xml; path = Info.plist; sourceTree = "<group>"; };
		4D2D21DF26AC56E700F9C822 /* AppFlowSpec.swift */ = {isa = PBXFileReference; lastKnownFileType = sourcecode.swift; path = AppFlowSpec.swift; sourceTree = "<group>"; };
		4D2D21E526AC57A900F9C822 /* TestStepper.swift */ = {isa = PBXFileReference; fileEncoding = 4; lastKnownFileType = sourcecode.swift; path = TestStepper.swift; sourceTree = "<group>"; };
		4D2D21ED26AC582100F9C822 /* TestHelpers.swift */ = {isa = PBXFileReference; fileEncoding = 4; lastKnownFileType = sourcecode.swift; path = TestHelpers.swift; sourceTree = "<group>"; };
		4D2D22DD26AC675900F9C822 /* main.swift */ = {isa = PBXFileReference; lastKnownFileType = sourcecode.swift; path = main.swift; sourceTree = "<group>"; };
		4D35F46926AB1E89001A0524 /* AppFlow.swift */ = {isa = PBXFileReference; lastKnownFileType = sourcecode.swift; path = AppFlow.swift; sourceTree = "<group>"; };
		4D35F47126AB1EA2001A0524 /* AppStep.swift */ = {isa = PBXFileReference; lastKnownFileType = sourcecode.swift; path = AppStep.swift; sourceTree = "<group>"; };
		4D35F48426AB4799001A0524 /* Inject.swift */ = {isa = PBXFileReference; fileEncoding = 4; lastKnownFileType = sourcecode.swift; path = Inject.swift; sourceTree = "<group>"; };
		4D35F4A526AB4981001A0524 /* MainAssembler.swift */ = {isa = PBXFileReference; fileEncoding = 4; lastKnownFileType = sourcecode.swift; path = MainAssembler.swift; sourceTree = "<group>"; };
		4D35F4E126AB5050001A0524 /* SearchViewControllerSpec.swift */ = {isa = PBXFileReference; lastKnownFileType = sourcecode.swift; path = SearchViewControllerSpec.swift; sourceTree = "<group>"; };
		4D35F4E526AB51AB001A0524 /* Resolver+App.swift */ = {isa = PBXFileReference; fileEncoding = 4; lastKnownFileType = sourcecode.swift; path = "Resolver+App.swift"; sourceTree = "<group>"; };
		4D35F4E926AB5221001A0524 /* SearchViewController.swift */ = {isa = PBXFileReference; lastKnownFileType = sourcecode.swift; path = SearchViewController.swift; sourceTree = "<group>"; };
		4D35F4F926AB5382001A0524 /* Base */ = {isa = PBXFileReference; lastKnownFileType = file.storyboard; name = Base; path = Base.lproj/SearchViewController.storyboard; sourceTree = "<group>"; };
		4D35F51526AB5462001A0524 /* SearchViewModel.swift */ = {isa = PBXFileReference; lastKnownFileType = sourcecode.swift; path = SearchViewModel.swift; sourceTree = "<group>"; };
		4D35F51B26AB54C9001A0524 /* swiftgen.yml */ = {isa = PBXFileReference; fileEncoding = 4; lastKnownFileType = text.yaml; path = swiftgen.yml; sourceTree = SOURCE_ROOT; };
		4D35F52526AB5594001A0524 /* StoryboardSegues.swift */ = {isa = PBXFileReference; fileEncoding = 4; lastKnownFileType = sourcecode.swift; path = StoryboardSegues.swift; sourceTree = "<group>"; };
		4D35F52626AB5594001A0524 /* Assets.swift */ = {isa = PBXFileReference; fileEncoding = 4; lastKnownFileType = sourcecode.swift; path = Assets.swift; sourceTree = "<group>"; };
		4D35F52726AB5594001A0524 /* StoryboardScenes.swift */ = {isa = PBXFileReference; fileEncoding = 4; lastKnownFileType = sourcecode.swift; path = StoryboardScenes.swift; sourceTree = "<group>"; };
		4D35F52E26AB55B6001A0524 /* en */ = {isa = PBXFileReference; lastKnownFileType = text.plist.strings; name = en; path = en.lproj/Localizable.strings; sourceTree = "<group>"; };
		4D587D5D26AD8B2700E7716C /* HasStepper.swift */ = {isa = PBXFileReference; fileEncoding = 4; lastKnownFileType = sourcecode.swift; path = HasStepper.swift; sourceTree = "<group>"; };
		4D587D6126AD8D6300E7716C /* Strings.swift */ = {isa = PBXFileReference; fileEncoding = 4; lastKnownFileType = sourcecode.swift; path = Strings.swift; sourceTree = "<group>"; };
		4D587D6A26AD92C100E7716C /* AlertDetails.swift */ = {isa = PBXFileReference; lastKnownFileType = sourcecode.swift; path = AlertDetails.swift; sourceTree = "<group>"; };
		4D90D54926AC6D96001586C3 /* LogFormatter.swift */ = {isa = PBXFileReference; fileEncoding = 4; lastKnownFileType = sourcecode.swift; path = LogFormatter.swift; sourceTree = "<group>"; };
		4D90D5DE26AC7D9F001586C3 /* Repository.swift */ = {isa = PBXFileReference; lastKnownFileType = sourcecode.swift; path = Repository.swift; sourceTree = "<group>"; };
		4D90D60F26AC8764001586C3 /* MockSearchViewModel.swift */ = {isa = PBXFileReference; lastKnownFileType = sourcecode.swift; path = MockSearchViewModel.swift; sourceTree = "<group>"; };
		4D90D61826ACA497001586C3 /* RepositoryCellModel.swift */ = {isa = PBXFileReference; lastKnownFileType = sourcecode.swift; path = RepositoryCellModel.swift; sourceTree = "<group>"; };
		4D90D61C26ACAB7E001586C3 /* RepositoryCell.swift */ = {isa = PBXFileReference; lastKnownFileType = sourcecode.swift; path = RepositoryCell.swift; sourceTree = "<group>"; };
		4D90D62126ACAC36001586C3 /* UIKitExtensions.swift */ = {isa = PBXFileReference; fileEncoding = 4; lastKnownFileType = sourcecode.swift; path = UIKitExtensions.swift; sourceTree = "<group>"; };
		4DAD9C6926AD3B69000A235B /* SearchViewModelSpec.swift */ = {isa = PBXFileReference; lastKnownFileType = sourcecode.swift; path = SearchViewModelSpec.swift; sourceTree = "<group>"; };
		4DAD9C6E26AD3BE5000A235B /* SearchService.swift */ = {isa = PBXFileReference; lastKnownFileType = sourcecode.swift; path = SearchService.swift; sourceTree = "<group>"; };
		4DAD9C7B26AD3CD9000A235B /* MockSearchService.swift */ = {isa = PBXFileReference; lastKnownFileType = sourcecode.swift; path = MockSearchService.swift; sourceTree = "<group>"; };
		4DAD9C8726AD4931000A235B /* SearchServiceSpec.swift */ = {isa = PBXFileReference; lastKnownFileType = sourcecode.swift; path = SearchServiceSpec.swift; sourceTree = "<group>"; };
		4DAD9C8C26AD4A3A000A235B /* GitHubApi.swift */ = {isa = PBXFileReference; lastKnownFileType = sourcecode.swift; path = GitHubApi.swift; sourceTree = "<group>"; };
		4DAD9C9026AD56C4000A235B /* MockMultiTargetApiProvider.swift */ = {isa = PBXFileReference; fileEncoding = 4; lastKnownFileType = sourcecode.swift; path = MockMultiTargetApiProvider.swift; sourceTree = "<group>"; };
		4DAD9C9D26AD574B000A235B /* StubSearchSucessResponse.swift */ = {isa = PBXFileReference; fileEncoding = 4; lastKnownFileType = sourcecode.swift; path = StubSearchSucessResponse.swift; sourceTree = "<group>"; };
		4DAD9CB826AD6372000A235B /* RepositorySearchResult.swift */ = {isa = PBXFileReference; lastKnownFileType = sourcecode.swift; path = RepositorySearchResult.swift; sourceTree = "<group>"; };
		7631ECFA86DC8C70373348BA /* Pods_OctoSearch.framework */ = {isa = PBXFileReference; explicitFileType = wrapper.framework; includeInIndex = 0; path = Pods_OctoSearch.framework; sourceTree = BUILT_PRODUCTS_DIR; };
		8434F85306F9FDF93309A6AA /* Pods-OctoSearchTests.debug.xcconfig */ = {isa = PBXFileReference; includeInIndex = 1; lastKnownFileType = text.xcconfig; name = "Pods-OctoSearchTests.debug.xcconfig"; path = "Target Support Files/Pods-OctoSearchTests/Pods-OctoSearchTests.debug.xcconfig"; sourceTree = "<group>"; };
		959BC9A9147CB48A62AFFE4D /* Pods-OctoSearchTests.release.xcconfig */ = {isa = PBXFileReference; includeInIndex = 1; lastKnownFileType = text.xcconfig; name = "Pods-OctoSearchTests.release.xcconfig"; path = "Target Support Files/Pods-OctoSearchTests/Pods-OctoSearchTests.release.xcconfig"; sourceTree = "<group>"; };
		BBB5B5329CD1F3AC2C8AF856 /* Pods-OctoSearch.release.xcconfig */ = {isa = PBXFileReference; includeInIndex = 1; lastKnownFileType = text.xcconfig; name = "Pods-OctoSearch.release.xcconfig"; path = "Target Support Files/Pods-OctoSearch/Pods-OctoSearch.release.xcconfig"; sourceTree = "<group>"; };
		DDBEF164E17DE7BADECBDBAC /* Pods_OctoSearchTests.framework */ = {isa = PBXFileReference; explicitFileType = wrapper.framework; includeInIndex = 0; path = Pods_OctoSearchTests.framework; sourceTree = BUILT_PRODUCTS_DIR; };
		F3FB53633289145467AE2FDE /* Pods-OctoSearch.debug.xcconfig */ = {isa = PBXFileReference; includeInIndex = 1; lastKnownFileType = text.xcconfig; name = "Pods-OctoSearch.debug.xcconfig"; path = "Target Support Files/Pods-OctoSearch/Pods-OctoSearch.debug.xcconfig"; sourceTree = "<group>"; };
/* End PBXFileReference section */

/* Begin PBXFrameworksBuildPhase section */
		4D07AC1726AB0C8C00152739 /* Frameworks */ = {
			isa = PBXFrameworksBuildPhase;
			buildActionMask = 2147483647;
			files = (
				66E3602D36A55DF5DC3C3234 /* Pods_OctoSearch.framework in Frameworks */,
			);
			runOnlyForDeploymentPostprocessing = 0;
		};
		4D07AC2D26AB0C8E00152739 /* Frameworks */ = {
			isa = PBXFrameworksBuildPhase;
			buildActionMask = 2147483647;
			files = (
				8E8508622078D4AD21257AA3 /* Pods_OctoSearchTests.framework in Frameworks */,
			);
			runOnlyForDeploymentPostprocessing = 0;
		};
/* End PBXFrameworksBuildPhase section */

/* Begin PBXGroup section */
		17209FE9D2069C3ADC8504EF /* Pods */ = {
			isa = PBXGroup;
			children = (
				F3FB53633289145467AE2FDE /* Pods-OctoSearch.debug.xcconfig */,
				BBB5B5329CD1F3AC2C8AF856 /* Pods-OctoSearch.release.xcconfig */,
				8434F85306F9FDF93309A6AA /* Pods-OctoSearchTests.debug.xcconfig */,
				959BC9A9147CB48A62AFFE4D /* Pods-OctoSearchTests.release.xcconfig */,
			);
			path = Pods;
			sourceTree = "<group>";
		};
		4D07AC1126AB0C8C00152739 = {
			isa = PBXGroup;
			children = (
				4D07AC1C26AB0C8C00152739 /* OctoSearch */,
				4D07AC3326AB0C8E00152739 /* OctoSearchTests */,
				4D07AC1B26AB0C8C00152739 /* Products */,
				17209FE9D2069C3ADC8504EF /* Pods */,
				8555DE7C96398AA883AB2078 /* Frameworks */,
			);
			sourceTree = "<group>";
		};
		4D07AC1B26AB0C8C00152739 /* Products */ = {
			isa = PBXGroup;
			children = (
				4D07AC1A26AB0C8C00152739 /* OctoSearch.app */,
				4D07AC3026AB0C8E00152739 /* OctoSearchTests.xctest */,
			);
			name = Products;
			sourceTree = "<group>";
		};
		4D07AC1C26AB0C8C00152739 /* OctoSearch */ = {
			isa = PBXGroup;
			children = (
				4D35F52426AB5594001A0524 /* Generated */,
				4D90D54826AC6D8D001586C3 /* Logging */,
				4D35F48126AB4793001A0524 /* DI */,
				4D35F46826AB1E7D001A0524 /* Flow */,
				4D35F55826AB570F001A0524 /* UI */,
				4D90D5DD26AC7D94001586C3 /* Model */,
				4DAD9C6D26AD3BD2000A235B /* Service */,
				4D35F4FD26AB53B1001A0524 /* Resources */,
				4D90D62026ACAC2C001586C3 /* Common */,
				4D07AC1D26AB0C8C00152739 /* AppDelegate.swift */,
				4D2D22DD26AC675900F9C822 /* main.swift */,
				4D07AC2126AB0C8C00152739 /* ViewController.swift */,
				4D07AC2826AB0C8E00152739 /* LaunchScreen.storyboard */,
				4D07AC2B26AB0C8E00152739 /* Info.plist */,
				4D35F51B26AB54C9001A0524 /* swiftgen.yml */,
			);
			path = OctoSearch;
			sourceTree = "<group>";
		};
		4D07AC3326AB0C8E00152739 /* OctoSearchTests */ = {
			isa = PBXGroup;
			children = (
				4D2D21EB26AC582100F9C822 /* Test */,
				4D2D21DE26AC56CC00F9C822 /* Flow */,
				4D35F55926AB5742001A0524 /* UI */,
				4DAD9C9426AD56D9000A235B /* Model */,
				4DAD9C7A26AD3CBF000A235B /* Service */,
				4D07AC3626AB0C8E00152739 /* Info.plist */,
			);
			path = OctoSearchTests;
			sourceTree = "<group>";
		};
		4D2D21DE26AC56CC00F9C822 /* Flow */ = {
			isa = PBXGroup;
			children = (
				4D2D21DF26AC56E700F9C822 /* AppFlowSpec.swift */,
				4D2D21E526AC57A900F9C822 /* TestStepper.swift */,
			);
			path = Flow;
			sourceTree = "<group>";
		};
		4D2D21EB26AC582100F9C822 /* Test */ = {
			isa = PBXGroup;
			children = (
				4D2D21ED26AC582100F9C822 /* TestHelpers.swift */,
			);
			path = Test;
			sourceTree = "<group>";
		};
		4D35F46826AB1E7D001A0524 /* Flow */ = {
			isa = PBXGroup;
			children = (
				4D35F46926AB1E89001A0524 /* AppFlow.swift */,
				4D35F47126AB1EA2001A0524 /* AppStep.swift */,
				4D587D5D26AD8B2700E7716C /* HasStepper.swift */,
			);
			path = Flow;
			sourceTree = "<group>";
		};
		4D35F47E26AB468A001A0524 /* Search */ = {
			isa = PBXGroup;
			children = (
				4D90D61726ACA48C001586C3 /* Cell */,
				4D35F4FA26AB5382001A0524 /* SearchViewController.storyboard */,
				4D35F4E926AB5221001A0524 /* SearchViewController.swift */,
				4D35F51526AB5462001A0524 /* SearchViewModel.swift */,
			);
			path = Search;
			sourceTree = "<group>";
		};
		4D35F47F26AB4699001A0524 /* Search */ = {
			isa = PBXGroup;
			children = (
				4D35F4E126AB5050001A0524 /* SearchViewControllerSpec.swift */,
				4DAD9C6926AD3B69000A235B /* SearchViewModelSpec.swift */,
				4D90D60F26AC8764001586C3 /* MockSearchViewModel.swift */,
			);
			path = Search;
			sourceTree = "<group>";
		};
		4D35F48126AB4793001A0524 /* DI */ = {
			isa = PBXGroup;
			children = (
				4D35F48226AB4799001A0524 /* Inject */,
				4D35F4A526AB4981001A0524 /* MainAssembler.swift */,
			);
			path = DI;
			sourceTree = "<group>";
		};
		4D35F48226AB4799001A0524 /* Inject */ = {
			isa = PBXGroup;
			children = (
				4D35F48426AB4799001A0524 /* Inject.swift */,
				4D35F4E526AB51AB001A0524 /* Resolver+App.swift */,
			);
			path = Inject;
			sourceTree = "<group>";
		};
		4D35F4FD26AB53B1001A0524 /* Resources */ = {
			isa = PBXGroup;
			children = (
				4D07AC2626AB0C8E00152739 /* Assets.xcassets */,
				4D35F52F26AB55B6001A0524 /* Localizable.strings */,
			);
			path = Resources;
			sourceTree = "<group>";
		};
		4D35F52426AB5594001A0524 /* Generated */ = {
			isa = PBXGroup;
			children = (
				4D587D6126AD8D6300E7716C /* Strings.swift */,
				4D35F52526AB5594001A0524 /* StoryboardSegues.swift */,
				4D35F52626AB5594001A0524 /* Assets.swift */,
				4D35F52726AB5594001A0524 /* StoryboardScenes.swift */,
			);
			path = Generated;
			sourceTree = "<group>";
		};
		4D35F55826AB570F001A0524 /* UI */ = {
			isa = PBXGroup;
			children = (
				4D35F47E26AB468A001A0524 /* Search */,
			);
			path = UI;
			sourceTree = "<group>";
		};
		4D35F55926AB5742001A0524 /* UI */ = {
			isa = PBXGroup;
			children = (
				4D35F47F26AB4699001A0524 /* Search */,
			);
			path = UI;
			sourceTree = "<group>";
		};
		4D587D6926AD92B200E7716C /* Alert */ = {
			isa = PBXGroup;
			children = (
				4D587D6A26AD92C100E7716C /* AlertDetails.swift */,
			);
			path = Alert;
			sourceTree = "<group>";
		};
		4D90D54826AC6D8D001586C3 /* Logging */ = {
			isa = PBXGroup;
			children = (
				4D90D54926AC6D96001586C3 /* LogFormatter.swift */,
			);
			path = Logging;
			sourceTree = "<group>";
		};
		4D90D5DD26AC7D94001586C3 /* Model */ = {
			isa = PBXGroup;
			children = (
				4D587D6926AD92B200E7716C /* Alert */,
				4DAD9C8B26AD4A2A000A235B /* GitHubApi */,
				4D90D5DE26AC7D9F001586C3 /* Repository.swift */,
				4DAD9CB826AD6372000A235B /* RepositorySearchResult.swift */,
			);
			path = Model;
			sourceTree = "<group>";
		};
		4D90D61726ACA48C001586C3 /* Cell */ = {
			isa = PBXGroup;
			children = (
				4D90D61826ACA497001586C3 /* RepositoryCellModel.swift */,
				4D90D61C26ACAB7E001586C3 /* RepositoryCell.swift */,
			);
			path = Cell;
			sourceTree = "<group>";
		};
		4D90D62026ACAC2C001586C3 /* Common */ = {
			isa = PBXGroup;
			children = (
				4D90D62126ACAC36001586C3 /* UIKitExtensions.swift */,
			);
			path = Common;
			sourceTree = "<group>";
		};
		4DAD9C6D26AD3BD2000A235B /* Service */ = {
			isa = PBXGroup;
			children = (
				4DAD9C6E26AD3BE5000A235B /* SearchService.swift */,
			);
			path = Service;
			sourceTree = "<group>";
		};
		4DAD9C7A26AD3CBF000A235B /* Service */ = {
			isa = PBXGroup;
			children = (
				4DAD9C7B26AD3CD9000A235B /* MockSearchService.swift */,
				4DAD9C8726AD4931000A235B /* SearchServiceSpec.swift */,
			);
			path = Service;
			sourceTree = "<group>";
		};
		4DAD9C8B26AD4A2A000A235B /* GitHubApi */ = {
			isa = PBXGroup;
			children = (
				4DAD9C8C26AD4A3A000A235B /* GitHubApi.swift */,
			);
			path = GitHubApi;
			sourceTree = "<group>";
		};
		4DAD9C9426AD56D9000A235B /* Model */ = {
			isa = PBXGroup;
			children = (
				4DAD9C9526AD56DE000A235B /* GitHubApi */,
			);
			path = Model;
			sourceTree = "<group>";
		};
		4DAD9C9526AD56DE000A235B /* GitHubApi */ = {
			isa = PBXGroup;
			children = (
				4DAD9C9026AD56C4000A235B /* MockMultiTargetApiProvider.swift */,
				4DAD9C9D26AD574B000A235B /* StubSearchSucessResponse.swift */,
			);
			path = GitHubApi;
			sourceTree = "<group>";
		};
		8555DE7C96398AA883AB2078 /* Frameworks */ = {
			isa = PBXGroup;
			children = (
				7631ECFA86DC8C70373348BA /* Pods_OctoSearch.framework */,
				DDBEF164E17DE7BADECBDBAC /* Pods_OctoSearchTests.framework */,
			);
			name = Frameworks;
			sourceTree = "<group>";
		};
/* End PBXGroup section */

/* Begin PBXNativeTarget section */
		4D07AC1926AB0C8C00152739 /* OctoSearch */ = {
			isa = PBXNativeTarget;
			buildConfigurationList = 4D07AC4426AB0C8E00152739 /* Build configuration list for PBXNativeTarget "OctoSearch" */;
			buildPhases = (
				3693BB14A89C82BADBE2C450 /* [CP] Check Pods Manifest.lock */,
				4D35F4F126AB52E5001A0524 /* Swiftgen */,
				4D07AC1626AB0C8C00152739 /* Sources */,
				4D07AC1726AB0C8C00152739 /* Frameworks */,
				4D07AC1826AB0C8C00152739 /* Resources */,
				6FB7D6EEFCCF79A7E1A97548 /* [CP] Embed Pods Frameworks */,
			);
			buildRules = (
			);
			dependencies = (
			);
			name = OctoSearch;
			productName = OctoSearch;
			productReference = 4D07AC1A26AB0C8C00152739 /* OctoSearch.app */;
			productType = "com.apple.product-type.application";
		};
		4D07AC2F26AB0C8E00152739 /* OctoSearchTests */ = {
			isa = PBXNativeTarget;
			buildConfigurationList = 4D07AC4726AB0C8E00152739 /* Build configuration list for PBXNativeTarget "OctoSearchTests" */;
			buildPhases = (
				66EB1896598AF8AF6296DB73 /* [CP] Check Pods Manifest.lock */,
				4D07AC2C26AB0C8E00152739 /* Sources */,
				4D07AC2D26AB0C8E00152739 /* Frameworks */,
				4D07AC2E26AB0C8E00152739 /* Resources */,
				6A7D2C1743C28A73C0B053BB /* [CP] Embed Pods Frameworks */,
			);
			buildRules = (
			);
			dependencies = (
				4D07AC3226AB0C8E00152739 /* PBXTargetDependency */,
			);
			name = OctoSearchTests;
			productName = OctoSearchTests;
			productReference = 4D07AC3026AB0C8E00152739 /* OctoSearchTests.xctest */;
			productType = "com.apple.product-type.bundle.unit-test";
		};
/* End PBXNativeTarget section */

/* Begin PBXProject section */
		4D07AC1226AB0C8C00152739 /* Project object */ = {
			isa = PBXProject;
			attributes = {
				LastSwiftUpdateCheck = 1240;
				LastUpgradeCheck = 1240;
				TargetAttributes = {
					4D07AC1926AB0C8C00152739 = {
						CreatedOnToolsVersion = 12.4;
					};
					4D07AC2F26AB0C8E00152739 = {
						CreatedOnToolsVersion = 12.4;
						TestTargetID = 4D07AC1926AB0C8C00152739;
					};
				};
			};
			buildConfigurationList = 4D07AC1526AB0C8C00152739 /* Build configuration list for PBXProject "OctoSearch" */;
			compatibilityVersion = "Xcode 9.3";
			developmentRegion = en;
			hasScannedForEncodings = 0;
			knownRegions = (
				en,
				Base,
			);
			mainGroup = 4D07AC1126AB0C8C00152739;
			productRefGroup = 4D07AC1B26AB0C8C00152739 /* Products */;
			projectDirPath = "";
			projectRoot = "";
			targets = (
				4D07AC1926AB0C8C00152739 /* OctoSearch */,
				4D07AC2F26AB0C8E00152739 /* OctoSearchTests */,
			);
		};
/* End PBXProject section */

/* Begin PBXResourcesBuildPhase section */
		4D07AC1826AB0C8C00152739 /* Resources */ = {
			isa = PBXResourcesBuildPhase;
			buildActionMask = 2147483647;
			files = (
				4D07AC2A26AB0C8E00152739 /* LaunchScreen.storyboard in Resources */,
				4D35F52D26AB55B6001A0524 /* Localizable.strings in Resources */,
				4D07AC2726AB0C8E00152739 /* Assets.xcassets in Resources */,
				4D35F4F826AB5382001A0524 /* SearchViewController.storyboard in Resources */,
				4D35F51C26AB54C9001A0524 /* swiftgen.yml in Resources */,
			);
			runOnlyForDeploymentPostprocessing = 0;
		};
		4D07AC2E26AB0C8E00152739 /* Resources */ = {
			isa = PBXResourcesBuildPhase;
			buildActionMask = 2147483647;
			files = (
			);
			runOnlyForDeploymentPostprocessing = 0;
		};
/* End PBXResourcesBuildPhase section */

/* Begin PBXShellScriptBuildPhase section */
		3693BB14A89C82BADBE2C450 /* [CP] Check Pods Manifest.lock */ = {
			isa = PBXShellScriptBuildPhase;
			buildActionMask = 2147483647;
			files = (
			);
			inputFileListPaths = (
			);
			inputPaths = (
				"${PODS_PODFILE_DIR_PATH}/Podfile.lock",
				"${PODS_ROOT}/Manifest.lock",
			);
			name = "[CP] Check Pods Manifest.lock";
			outputFileListPaths = (
			);
			outputPaths = (
				"$(DERIVED_FILE_DIR)/Pods-OctoSearch-checkManifestLockResult.txt",
			);
			runOnlyForDeploymentPostprocessing = 0;
			shellPath = /bin/sh;
			shellScript = "diff \"${PODS_PODFILE_DIR_PATH}/Podfile.lock\" \"${PODS_ROOT}/Manifest.lock\" > /dev/null\nif [ $? != 0 ] ; then\n    # print error to STDERR\n    echo \"error: The sandbox is not in sync with the Podfile.lock. Run 'pod install' or update your CocoaPods installation.\" >&2\n    exit 1\nfi\n# This output is used by Xcode 'outputs' to avoid re-running this script phase.\necho \"SUCCESS\" > \"${SCRIPT_OUTPUT_FILE_0}\"\n";
			showEnvVarsInLog = 0;
		};
		4D35F4F126AB52E5001A0524 /* Swiftgen */ = {
			isa = PBXShellScriptBuildPhase;
			buildActionMask = 2147483647;
			files = (
			);
			inputFileListPaths = (
			);
			inputPaths = (
			);
			name = Swiftgen;
			outputFileListPaths = (
			);
			outputPaths = (
			);
			runOnlyForDeploymentPostprocessing = 0;
			shellPath = /bin/sh;
			shellScript = "# Type a script or drag a script file from your workspace to insert its path.\n$PODS_ROOT/SwiftGen/bin/swiftgen\n";
		};
		66EB1896598AF8AF6296DB73 /* [CP] Check Pods Manifest.lock */ = {
			isa = PBXShellScriptBuildPhase;
			buildActionMask = 2147483647;
			files = (
			);
			inputFileListPaths = (
			);
			inputPaths = (
				"${PODS_PODFILE_DIR_PATH}/Podfile.lock",
				"${PODS_ROOT}/Manifest.lock",
			);
			name = "[CP] Check Pods Manifest.lock";
			outputFileListPaths = (
			);
			outputPaths = (
				"$(DERIVED_FILE_DIR)/Pods-OctoSearchTests-checkManifestLockResult.txt",
			);
			runOnlyForDeploymentPostprocessing = 0;
			shellPath = /bin/sh;
			shellScript = "diff \"${PODS_PODFILE_DIR_PATH}/Podfile.lock\" \"${PODS_ROOT}/Manifest.lock\" > /dev/null\nif [ $? != 0 ] ; then\n    # print error to STDERR\n    echo \"error: The sandbox is not in sync with the Podfile.lock. Run 'pod install' or update your CocoaPods installation.\" >&2\n    exit 1\nfi\n# This output is used by Xcode 'outputs' to avoid re-running this script phase.\necho \"SUCCESS\" > \"${SCRIPT_OUTPUT_FILE_0}\"\n";
			showEnvVarsInLog = 0;
		};
		6A7D2C1743C28A73C0B053BB /* [CP] Embed Pods Frameworks */ = {
			isa = PBXShellScriptBuildPhase;
			buildActionMask = 2147483647;
			files = (
			);
			inputFileListPaths = (
				"${PODS_ROOT}/Target Support Files/Pods-OctoSearchTests/Pods-OctoSearchTests-frameworks-${CONFIGURATION}-input-files.xcfilelist",
			);
			name = "[CP] Embed Pods Frameworks";
			outputFileListPaths = (
				"${PODS_ROOT}/Target Support Files/Pods-OctoSearchTests/Pods-OctoSearchTests-frameworks-${CONFIGURATION}-output-files.xcfilelist",
			);
			runOnlyForDeploymentPostprocessing = 0;
			shellPath = /bin/sh;
			shellScript = "\"${PODS_ROOT}/Target Support Files/Pods-OctoSearchTests/Pods-OctoSearchTests-frameworks.sh\"\n";
			showEnvVarsInLog = 0;
		};
		6FB7D6EEFCCF79A7E1A97548 /* [CP] Embed Pods Frameworks */ = {
			isa = PBXShellScriptBuildPhase;
			buildActionMask = 2147483647;
			files = (
			);
			inputFileListPaths = (
				"${PODS_ROOT}/Target Support Files/Pods-OctoSearch/Pods-OctoSearch-frameworks-${CONFIGURATION}-input-files.xcfilelist",
			);
			name = "[CP] Embed Pods Frameworks";
			outputFileListPaths = (
				"${PODS_ROOT}/Target Support Files/Pods-OctoSearch/Pods-OctoSearch-frameworks-${CONFIGURATION}-output-files.xcfilelist",
			);
			runOnlyForDeploymentPostprocessing = 0;
			shellPath = /bin/sh;
			shellScript = "\"${PODS_ROOT}/Target Support Files/Pods-OctoSearch/Pods-OctoSearch-frameworks.sh\"\n";
			showEnvVarsInLog = 0;
		};
/* End PBXShellScriptBuildPhase section */

/* Begin PBXSourcesBuildPhase section */
		4D07AC1626AB0C8C00152739 /* Sources */ = {
			isa = PBXSourcesBuildPhase;
			buildActionMask = 2147483647;
			files = (
				4D35F48926AB4799001A0524 /* Inject.swift in Sources */,
				4D2D22DE26AC675900F9C822 /* main.swift in Sources */,
				4D90D62226ACAC36001586C3 /* UIKitExtensions.swift in Sources */,
				4D587D6B26AD92C100E7716C /* AlertDetails.swift in Sources */,
				4DAD9C8D26AD4A3A000A235B /* GitHubApi.swift in Sources */,
				4D35F52826AB5594001A0524 /* StoryboardSegues.swift in Sources */,
				4D90D54A26AC6D96001586C3 /* LogFormatter.swift in Sources */,
				4D35F52926AB5594001A0524 /* Assets.swift in Sources */,
				4D90D61926ACA497001586C3 /* RepositoryCellModel.swift in Sources */,
				4D587D5E26AD8B2700E7716C /* HasStepper.swift in Sources */,
				4D35F47226AB1EA2001A0524 /* AppStep.swift in Sources */,
				4D35F4A626AB4981001A0524 /* MainAssembler.swift in Sources */,
				4D35F4EA26AB5221001A0524 /* SearchViewController.swift in Sources */,
				4D35F4E626AB51AB001A0524 /* Resolver+App.swift in Sources */,
				4D35F52A26AB5594001A0524 /* StoryboardScenes.swift in Sources */,
				4D07AC2226AB0C8C00152739 /* ViewController.swift in Sources */,
				4DAD9C6F26AD3BE5000A235B /* SearchService.swift in Sources */,
				4D90D5DF26AC7D9F001586C3 /* Repository.swift in Sources */,
				4DAD9CB926AD6372000A235B /* RepositorySearchResult.swift in Sources */,
				4D90D61D26ACAB7E001586C3 /* RepositoryCell.swift in Sources */,
				4D35F51626AB5462001A0524 /* SearchViewModel.swift in Sources */,
				4D35F46A26AB1E89001A0524 /* AppFlow.swift in Sources */,
				4D07AC1E26AB0C8C00152739 /* AppDelegate.swift in Sources */,
				4D587D6226AD8D6300E7716C /* Strings.swift in Sources */,
			);
			runOnlyForDeploymentPostprocessing = 0;
		};
		4D07AC2C26AB0C8E00152739 /* Sources */ = {
			isa = PBXSourcesBuildPhase;
			buildActionMask = 2147483647;
			files = (
				4D2D21E026AC56E700F9C822 /* AppFlowSpec.swift in Sources */,
				4D35F4E226AB5050001A0524 /* SearchViewControllerSpec.swift in Sources */,
				4DAD9C7C26AD3CD9000A235B /* MockSearchService.swift in Sources */,
				4D2D21E626AC57A900F9C822 /* TestStepper.swift in Sources */,
				4DAD9C8826AD4931000A235B /* SearchServiceSpec.swift in Sources */,
				4D90D61026AC8764001586C3 /* MockSearchViewModel.swift in Sources */,
				4DAD9C9E26AD574B000A235B /* StubSearchSucessResponse.swift in Sources */,
				4D2D21F026AC582100F9C822 /* TestHelpers.swift in Sources */,
				4DAD9C9A26AD571B000A235B /* MockMultiTargetApiProvider.swift in Sources */,
				4DAD9C6A26AD3B69000A235B /* SearchViewModelSpec.swift in Sources */,
			);
			runOnlyForDeploymentPostprocessing = 0;
		};
/* End PBXSourcesBuildPhase section */

/* Begin PBXTargetDependency section */
		4D07AC3226AB0C8E00152739 /* PBXTargetDependency */ = {
			isa = PBXTargetDependency;
			target = 4D07AC1926AB0C8C00152739 /* OctoSearch */;
			targetProxy = 4D07AC3126AB0C8E00152739 /* PBXContainerItemProxy */;
		};
/* End PBXTargetDependency section */

/* Begin PBXVariantGroup section */
		4D07AC2826AB0C8E00152739 /* LaunchScreen.storyboard */ = {
			isa = PBXVariantGroup;
			children = (
				4D07AC2926AB0C8E00152739 /* Base */,
			);
			name = LaunchScreen.storyboard;
			sourceTree = "<group>";
		};
		4D35F4FA26AB5382001A0524 /* SearchViewController.storyboard */ = {
			isa = PBXVariantGroup;
			children = (
				4D35F4F926AB5382001A0524 /* Base */,
			);
			name = SearchViewController.storyboard;
			sourceTree = "<group>";
		};
		4D35F52F26AB55B6001A0524 /* Localizable.strings */ = {
			isa = PBXVariantGroup;
			children = (
				4D35F52E26AB55B6001A0524 /* en */,
			);
			name = Localizable.strings;
			sourceTree = "<group>";
		};
/* End PBXVariantGroup section */

/* Begin XCBuildConfiguration section */
		4D07AC4226AB0C8E00152739 /* Debug */ = {
			isa = XCBuildConfiguration;
			buildSettings = {
				ALWAYS_SEARCH_USER_PATHS = NO;
				CLANG_ANALYZER_NONNULL = YES;
				CLANG_ANALYZER_NUMBER_OBJECT_CONVERSION = YES_AGGRESSIVE;
				CLANG_CXX_LANGUAGE_STANDARD = "gnu++14";
				CLANG_CXX_LIBRARY = "libc++";
				CLANG_ENABLE_MODULES = YES;
				CLANG_ENABLE_OBJC_ARC = YES;
				CLANG_ENABLE_OBJC_WEAK = YES;
				CLANG_WARN_BLOCK_CAPTURE_AUTORELEASING = YES;
				CLANG_WARN_BOOL_CONVERSION = YES;
				CLANG_WARN_COMMA = YES;
				CLANG_WARN_CONSTANT_CONVERSION = YES;
				CLANG_WARN_DEPRECATED_OBJC_IMPLEMENTATIONS = YES;
				CLANG_WARN_DIRECT_OBJC_ISA_USAGE = YES_ERROR;
				CLANG_WARN_DOCUMENTATION_COMMENTS = YES;
				CLANG_WARN_EMPTY_BODY = YES;
				CLANG_WARN_ENUM_CONVERSION = YES;
				CLANG_WARN_INFINITE_RECURSION = YES;
				CLANG_WARN_INT_CONVERSION = YES;
				CLANG_WARN_NON_LITERAL_NULL_CONVERSION = YES;
				CLANG_WARN_OBJC_IMPLICIT_RETAIN_SELF = YES;
				CLANG_WARN_OBJC_LITERAL_CONVERSION = YES;
				CLANG_WARN_OBJC_ROOT_CLASS = YES_ERROR;
				CLANG_WARN_QUOTED_INCLUDE_IN_FRAMEWORK_HEADER = YES;
				CLANG_WARN_RANGE_LOOP_ANALYSIS = YES;
				CLANG_WARN_STRICT_PROTOTYPES = YES;
				CLANG_WARN_SUSPICIOUS_MOVE = YES;
				CLANG_WARN_UNGUARDED_AVAILABILITY = YES_AGGRESSIVE;
				CLANG_WARN_UNREACHABLE_CODE = YES;
				CLANG_WARN__DUPLICATE_METHOD_MATCH = YES;
				COPY_PHASE_STRIP = NO;
				DEBUG_INFORMATION_FORMAT = dwarf;
				ENABLE_STRICT_OBJC_MSGSEND = YES;
				ENABLE_TESTABILITY = YES;
				GCC_C_LANGUAGE_STANDARD = gnu11;
				GCC_DYNAMIC_NO_PIC = NO;
				GCC_NO_COMMON_BLOCKS = YES;
				GCC_OPTIMIZATION_LEVEL = 0;
				GCC_PREPROCESSOR_DEFINITIONS = (
					"DEBUG=1",
					"$(inherited)",
				);
				GCC_WARN_64_TO_32_BIT_CONVERSION = YES;
				GCC_WARN_ABOUT_RETURN_TYPE = YES_ERROR;
				GCC_WARN_UNDECLARED_SELECTOR = YES;
				GCC_WARN_UNINITIALIZED_AUTOS = YES_AGGRESSIVE;
				GCC_WARN_UNUSED_FUNCTION = YES;
				GCC_WARN_UNUSED_VARIABLE = YES;
				IPHONEOS_DEPLOYMENT_TARGET = 14.4;
				MTL_ENABLE_DEBUG_INFO = INCLUDE_SOURCE;
				MTL_FAST_MATH = YES;
				ONLY_ACTIVE_ARCH = YES;
				SDKROOT = iphoneos;
				SWIFT_ACTIVE_COMPILATION_CONDITIONS = DEBUG;
				SWIFT_OPTIMIZATION_LEVEL = "-Onone";
			};
			name = Debug;
		};
		4D07AC4326AB0C8E00152739 /* Release */ = {
			isa = XCBuildConfiguration;
			buildSettings = {
				ALWAYS_SEARCH_USER_PATHS = NO;
				CLANG_ANALYZER_NONNULL = YES;
				CLANG_ANALYZER_NUMBER_OBJECT_CONVERSION = YES_AGGRESSIVE;
				CLANG_CXX_LANGUAGE_STANDARD = "gnu++14";
				CLANG_CXX_LIBRARY = "libc++";
				CLANG_ENABLE_MODULES = YES;
				CLANG_ENABLE_OBJC_ARC = YES;
				CLANG_ENABLE_OBJC_WEAK = YES;
				CLANG_WARN_BLOCK_CAPTURE_AUTORELEASING = YES;
				CLANG_WARN_BOOL_CONVERSION = YES;
				CLANG_WARN_COMMA = YES;
				CLANG_WARN_CONSTANT_CONVERSION = YES;
				CLANG_WARN_DEPRECATED_OBJC_IMPLEMENTATIONS = YES;
				CLANG_WARN_DIRECT_OBJC_ISA_USAGE = YES_ERROR;
				CLANG_WARN_DOCUMENTATION_COMMENTS = YES;
				CLANG_WARN_EMPTY_BODY = YES;
				CLANG_WARN_ENUM_CONVERSION = YES;
				CLANG_WARN_INFINITE_RECURSION = YES;
				CLANG_WARN_INT_CONVERSION = YES;
				CLANG_WARN_NON_LITERAL_NULL_CONVERSION = YES;
				CLANG_WARN_OBJC_IMPLICIT_RETAIN_SELF = YES;
				CLANG_WARN_OBJC_LITERAL_CONVERSION = YES;
				CLANG_WARN_OBJC_ROOT_CLASS = YES_ERROR;
				CLANG_WARN_QUOTED_INCLUDE_IN_FRAMEWORK_HEADER = YES;
				CLANG_WARN_RANGE_LOOP_ANALYSIS = YES;
				CLANG_WARN_STRICT_PROTOTYPES = YES;
				CLANG_WARN_SUSPICIOUS_MOVE = YES;
				CLANG_WARN_UNGUARDED_AVAILABILITY = YES_AGGRESSIVE;
				CLANG_WARN_UNREACHABLE_CODE = YES;
				CLANG_WARN__DUPLICATE_METHOD_MATCH = YES;
				COPY_PHASE_STRIP = NO;
				DEBUG_INFORMATION_FORMAT = "dwarf-with-dsym";
				ENABLE_NS_ASSERTIONS = NO;
				ENABLE_STRICT_OBJC_MSGSEND = YES;
				GCC_C_LANGUAGE_STANDARD = gnu11;
				GCC_NO_COMMON_BLOCKS = YES;
				GCC_WARN_64_TO_32_BIT_CONVERSION = YES;
				GCC_WARN_ABOUT_RETURN_TYPE = YES_ERROR;
				GCC_WARN_UNDECLARED_SELECTOR = YES;
				GCC_WARN_UNINITIALIZED_AUTOS = YES_AGGRESSIVE;
				GCC_WARN_UNUSED_FUNCTION = YES;
				GCC_WARN_UNUSED_VARIABLE = YES;
				IPHONEOS_DEPLOYMENT_TARGET = 14.4;
				MTL_ENABLE_DEBUG_INFO = NO;
				MTL_FAST_MATH = YES;
				SDKROOT = iphoneos;
				SWIFT_COMPILATION_MODE = wholemodule;
				SWIFT_OPTIMIZATION_LEVEL = "-O";
				VALIDATE_PRODUCT = YES;
			};
			name = Release;
		};
		4D07AC4526AB0C8E00152739 /* Debug */ = {
			isa = XCBuildConfiguration;
			baseConfigurationReference = F3FB53633289145467AE2FDE /* Pods-OctoSearch.debug.xcconfig */;
			buildSettings = {
				ASSETCATALOG_COMPILER_APPICON_NAME = AppIcon;
				ASSETCATALOG_COMPILER_GLOBAL_ACCENT_COLOR_NAME = AccentColor;
				CODE_SIGN_STYLE = Automatic;
				DEVELOPMENT_TEAM = Y57C8JT3X2;
				GCC_SYMBOLS_PRIVATE_EXTERN = NO;
				INFOPLIST_FILE = OctoSearch/Info.plist;
				IPHONEOS_DEPLOYMENT_TARGET = 13.0;
				LD_RUNPATH_SEARCH_PATHS = (
					"$(inherited)",
					"@executable_path/Frameworks",
				);
				PRODUCT_BUNDLE_IDENTIFIER = com.vividmindsoft.test.OctoSearch;
				PRODUCT_NAME = "$(TARGET_NAME)";
				SWIFT_VERSION = 5.0;
				TARGETED_DEVICE_FAMILY = "1,2";
			};
			name = Debug;
		};
		4D07AC4626AB0C8E00152739 /* Release */ = {
			isa = XCBuildConfiguration;
			baseConfigurationReference = BBB5B5329CD1F3AC2C8AF856 /* Pods-OctoSearch.release.xcconfig */;
			buildSettings = {
				ASSETCATALOG_COMPILER_APPICON_NAME = AppIcon;
				ASSETCATALOG_COMPILER_GLOBAL_ACCENT_COLOR_NAME = AccentColor;
				CODE_SIGN_STYLE = Automatic;
				DEVELOPMENT_TEAM = Y57C8JT3X2;
				GCC_SYMBOLS_PRIVATE_EXTERN = NO;
				INFOPLIST_FILE = OctoSearch/Info.plist;
				IPHONEOS_DEPLOYMENT_TARGET = 13.0;
				LD_RUNPATH_SEARCH_PATHS = (
					"$(inherited)",
					"@executable_path/Frameworks",
				);
				PRODUCT_BUNDLE_IDENTIFIER = com.vividmindsoft.test.OctoSearch;
				PRODUCT_NAME = "$(TARGET_NAME)";
				SWIFT_VERSION = 5.0;
				TARGETED_DEVICE_FAMILY = "1,2";
			};
			name = Release;
		};
		4D07AC4826AB0C8E00152739 /* Debug */ = {
			isa = XCBuildConfiguration;
			baseConfigurationReference = 8434F85306F9FDF93309A6AA /* Pods-OctoSearchTests.debug.xcconfig */;
			buildSettings = {
				BUNDLE_LOADER = "$(TEST_HOST)";
				CODE_SIGN_STYLE = Automatic;
				DEVELOPMENT_TEAM = Y57C8JT3X2;
				INFOPLIST_FILE = OctoSearchTests/Info.plist;
				IPHONEOS_DEPLOYMENT_TARGET = 13.0;
				LD_RUNPATH_SEARCH_PATHS = (
					"$(inherited)",
					"@executable_path/Frameworks",
					"@loader_path/Frameworks",
				);
				PRODUCT_BUNDLE_IDENTIFIER = com.vividmindsoft.test.OctoSearchTests;
				PRODUCT_NAME = "$(TARGET_NAME)";
				SWIFT_VERSION = 5.0;
				TARGETED_DEVICE_FAMILY = "1,2";
				TEST_HOST = "$(BUILT_PRODUCTS_DIR)/OctoSearch.app/OctoSearch";
			};
			name = Debug;
		};
		4D07AC4926AB0C8E00152739 /* Release */ = {
			isa = XCBuildConfiguration;
			baseConfigurationReference = 959BC9A9147CB48A62AFFE4D /* Pods-OctoSearchTests.release.xcconfig */;
			buildSettings = {
				BUNDLE_LOADER = "$(TEST_HOST)";
				CODE_SIGN_STYLE = Automatic;
				DEVELOPMENT_TEAM = Y57C8JT3X2;
				INFOPLIST_FILE = OctoSearchTests/Info.plist;
				IPHONEOS_DEPLOYMENT_TARGET = 13.0;
				LD_RUNPATH_SEARCH_PATHS = (
					"$(inherited)",
					"@executable_path/Frameworks",
					"@loader_path/Frameworks",
				);
				PRODUCT_BUNDLE_IDENTIFIER = com.vividmindsoft.test.OctoSearchTests;
				PRODUCT_NAME = "$(TARGET_NAME)";
				SWIFT_VERSION = 5.0;
				TARGETED_DEVICE_FAMILY = "1,2";
				TEST_HOST = "$(BUILT_PRODUCTS_DIR)/OctoSearch.app/OctoSearch";
			};
			name = Release;
		};
/* End XCBuildConfiguration section */

/* Begin XCConfigurationList section */
		4D07AC1526AB0C8C00152739 /* Build configuration list for PBXProject "OctoSearch" */ = {
			isa = XCConfigurationList;
			buildConfigurations = (
				4D07AC4226AB0C8E00152739 /* Debug */,
				4D07AC4326AB0C8E00152739 /* Release */,
			);
			defaultConfigurationIsVisible = 0;
			defaultConfigurationName = Release;
		};
		4D07AC4426AB0C8E00152739 /* Build configuration list for PBXNativeTarget "OctoSearch" */ = {
			isa = XCConfigurationList;
			buildConfigurations = (
				4D07AC4526AB0C8E00152739 /* Debug */,
				4D07AC4626AB0C8E00152739 /* Release */,
			);
			defaultConfigurationIsVisible = 0;
			defaultConfigurationName = Release;
		};
		4D07AC4726AB0C8E00152739 /* Build configuration list for PBXNativeTarget "OctoSearchTests" */ = {
			isa = XCConfigurationList;
			buildConfigurations = (
				4D07AC4826AB0C8E00152739 /* Debug */,
				4D07AC4926AB0C8E00152739 /* Release */,
			);
			defaultConfigurationIsVisible = 0;
			defaultConfigurationName = Release;
		};
/* End XCConfigurationList section */
	};
	rootObject = 4D07AC1226AB0C8C00152739 /* Project object */;
}
